# THIS IS AN AUTOGENERATED FILE. DO NOT EDIT THIS FILE DIRECTLY.
# yarn lockfile v1


"@formatjs/ecma402-abstract@1.11.0":
  version "1.11.0"
  resolved "https://registry.yarnpkg.com/@formatjs/ecma402-abstract/-/ecma402-abstract-1.11.0.tgz#7e91e6cc7cfebdc07171e00a3288719705e0108c"
  integrity sha512-TOp5La9wmSh9G5bqFGN/ApmOXtJDzBGkYW+OTRd3ukY7J32RVGZPpN4O9BD651JUy66nj3g9CIENTNCgm4IRXQ==
  dependencies:
    "@formatjs/intl-localematcher" "0.2.21"
    tslib "^2.1.0"

"@formatjs/fast-memoize@1.2.0":
  version "1.2.0"
  resolved "https://registry.yarnpkg.com/@formatjs/fast-memoize/-/fast-memoize-1.2.0.tgz#1123bfcc5d21d761f15d8b1c32d10e1b6530355d"
  integrity sha512-fObitP9Tlc31SKrPHgkPgQpGo4+4yXfQQITTCNH8AZdEqB7Mq4nPrjpUL/tNGN3lEeJcFxDbi0haX8HM7QvQ8w==
  dependencies:
    tslib "^2.1.0"

"@formatjs/icu-messageformat-parser@2.0.15", "@formatjs/icu-messageformat-parser@^2.0.15":
  version "2.0.15"
  resolved "https://registry.yarnpkg.com/@formatjs/icu-messageformat-parser/-/icu-messageformat-parser-2.0.15.tgz#9e3ccadc582dbf076481bb95f98a689cfb10e7d5"
  integrity sha512-nnRbkK+nz4ZL1l1lUbztL8qrEUGQKF/NU38itLnzLm8QLEacFS5qGOxxp/0DSIehhX99tNroNtudtjdOvzruAQ==
  dependencies:
    "@formatjs/ecma402-abstract" "1.11.0"
    "@formatjs/icu-skeleton-parser" "1.3.2"
    tslib "^2.1.0"

"@formatjs/icu-skeleton-parser@1.3.2":
  version "1.3.2"
  resolved "https://registry.yarnpkg.com/@formatjs/icu-skeleton-parser/-/icu-skeleton-parser-1.3.2.tgz#a8ab9c668ea7f044ceba2043ac1d872d71307e22"
  integrity sha512-ChKmnVCE/LbJzedRgA/EeL5+tfjx/6ZWunqNiEC5BtqHnnwmLN/oPuCPb8b3NhuGiwTqp+LkaS70tga5kXRHxg==
  dependencies:
    "@formatjs/ecma402-abstract" "1.11.0"
    tslib "^2.1.0"

"@formatjs/intl-localematcher@0.2.21":
  version "0.2.21"
  resolved "https://registry.yarnpkg.com/@formatjs/intl-localematcher/-/intl-localematcher-0.2.21.tgz#39ef33d701fe8084f3d693cd3ff7cbe03cdd3a49"
  integrity sha512-JTJeLiNwexN4Gy0cMxoUPvJbKhXdnSuo5jPrDafEZpnDWlJ5VDYta8zUVVozO/pwzEmFVHEUpgiEDj+39L4oMg==
  dependencies:
    tslib "^2.1.0"

fp-ts@^2.11.5:
  version "2.11.5"
  resolved "https://registry.yarnpkg.com/fp-ts/-/fp-ts-2.11.5.tgz#97cceb26655b1452d7088d6fb0864f84cceffbe4"
  integrity sha512-OqlwJq1BdpB83BZXTqI+dNcA6uYk6qk4u9Cgnt64Y+XS7dwdbp/mobx8S2KXf2AXH+scNmA/UVK3SEFHR3vHZA==

intl-messageformat@^9.10.0:
  version "9.10.0"
  resolved "https://registry.yarnpkg.com/intl-messageformat/-/intl-messageformat-9.10.0.tgz#f9864f6e15dde343851398082993911e57a6446e"
  integrity sha512-OTOLlGPfwbrFyYD2iQuDbqEs8xccyLy+f1P3ZGJB2/EZo7Z9fVaaIWcM+JGvuWIFVRDnw4Um6z4t0mSSitUxGQ==
  dependencies:
    "@formatjs/ecma402-abstract" "1.11.0"
    "@formatjs/fast-memoize" "1.2.0"
    "@formatjs/icu-messageformat-parser" "2.0.15"
    tslib "^2.1.0"

tslib@^2.1.0:
  version "2.3.1"
  resolved "https://registry.yarnpkg.com/tslib/-/tslib-2.3.1.tgz#e8a335add5ceae51aa261d32a490158ef042ef01"
  integrity sha512-77EbyPPpMz+FRFRuAFlWMtmgUWGe9UOG2Z25NqCwiIjRhOf5iKGuzSe5P2w1laq+FkRy4p+PCuVkJSGkzTEKVw==

typescript@^4.5.2:
  version "4.5.2"
  resolved "https://registry.yarnpkg.com/typescript/-/typescript-4.5.2.tgz#8ac1fba9f52256fdb06fb89e4122fa6a346c2998"
  integrity sha512-5BlMof9H1yGt0P8/WF+wPNw6GfctgGjXp5hkblpyT+8rkASSmkUKMXrxR0Xg8ThVCi/JnHQiKXeBaEwCeQwMFw==
